Microsoft Visual Studio Solution File, Format Version 12.00
# Visual Studio Version 17
VisualStudioVersion = 17.0.32014.148
MinimumVisualStudioVersion = 10.0.40219.1
Project("{2150E333-8FDC-42A3-9474-1A3956D46DE8}") = "Solution Items", "Solution Items", "{8F02AE47-B319-4BCB-B7EE-FDECAA487C0B}"
	ProjectSection(SolutionItems) = preProject
		.editorconfig = .editorconfig
	EndProjectSection
EndProject
Project("{9A19103F-16F7-4668-BE54-9A1E7A4F7556}") = "Fin", "Fin\Fin\Fin.csproj", "{48B6183A-CF51-42A4-889E-A75DA704D71D}"
EndProject
Project("{9A19103F-16F7-4668-BE54-9A1E7A4F7556}") = "Fin Tests", "Fin\Fin Tests\Fin Tests.csproj", "{8D0572E4-4867-4AB4-B0C3-AE0BDDD3FEC6}"
	ProjectSection(ProjectDependencies) = postProject
		{48B6183A-CF51-42A4-889E-A75DA704D71D} = {48B6183A-CF51-42A4-889E-A75DA704D71D}
	EndProjectSection
EndProject
Project("{9A19103F-16F7-4668-BE54-9A1E7A4F7556}") = "J3d", "J3d\J3d\J3d.csproj", "{E794C24F-B285-4BBD-9388-35382AB1A1B4}"
	ProjectSection(ProjectDependencies) = postProject
		{48B6183A-CF51-42A4-889E-A75DA704D71D} = {48B6183A-CF51-42A4-889E-A75DA704D71D}
	EndProjectSection
EndProject
Project("{9A19103F-16F7-4668-BE54-9A1E7A4F7556}") = "Mod", "Mod\Mod\Mod.csproj", "{2FE7D88B-9241-44B0-BC25-FE293EADCF59}"
	ProjectSection(ProjectDependencies) = postProject
		{48B6183A-CF51-42A4-889E-A75DA704D71D} = {48B6183A-CF51-42A4-889E-A75DA704D71D}
	EndProjectSection
EndProject
Project("{9A19103F-16F7-4668-BE54-9A1E7A4F7556}") = "Mod Tests", "Mod\Mod Tests\Mod Tests.csproj", "{C74782A2-6011-4A13-AC8E-85CCAB05F1C0}"
	ProjectSection(ProjectDependencies) = postProject
		{48B6183A-CF51-42A4-889E-A75DA704D71D} = {48B6183A-CF51-42A4-889E-A75DA704D71D}
		{2FE7D88B-9241-44B0-BC25-FE293EADCF59} = {2FE7D88B-9241-44B0-BC25-FE293EADCF59}
	EndProjectSection
EndProject
Project("{9A19103F-16F7-4668-BE54-9A1E7A4F7556}") = "UniversalModelExtractor", "UniversalModelExtractor\UniversalModelExtractor.csproj", "{C8F325AF-2914-483C-B8A8-CED76E03C31E}"
	ProjectSection(ProjectDependencies) = postProject
		{48B6183A-CF51-42A4-889E-A75DA704D71D} = {48B6183A-CF51-42A4-889E-A75DA704D71D}
		{E794C24F-B285-4BBD-9388-35382AB1A1B4} = {E794C24F-B285-4BBD-9388-35382AB1A1B4}
		{2FE7D88B-9241-44B0-BC25-FE293EADCF59} = {2FE7D88B-9241-44B0-BC25-FE293EADCF59}
	EndProjectSection
EndProject
Project("{9A19103F-16F7-4668-BE54-9A1E7A4F7556}") = "Cmb", "Cmb\Cmb\Cmb.csproj", "{7F57B864-05CB-4488-A798-0FC08D9F62B2}"
EndProject
Project("{9A19103F-16F7-4668-BE54-9A1E7A4F7556}") = "F3dzex2", "F3dzex2\F3dzex2.csproj", "{439E4AFB-51BD-4F54-B6FA-E20A06E29D6F}"
EndProject
Project("{9A19103F-16F7-4668-BE54-9A1E7A4F7556}") = "Mdl2Fbx", "Mdl2Fbx\Mdl2Fbx.csproj", "{45228CB1-B212-4779-949E-4B8FCC001F71}"
EndProject
Project("{9A19103F-16F7-4668-BE54-9A1E7A4F7556}") = "Schema", "Schema\Schema\Schema.csproj", "{7E2E1FEE-0A02-4FB6-8C3B-9C4080D3758A}"
EndProject
Project("{9A19103F-16F7-4668-BE54-9A1E7A4F7556}") = "Schema Tests", "Schema\Schema Tests\Schema Tests.csproj", "{67444A5C-48C3-4004-8BC5-3947BF323921}"
EndProject
Project("{9A19103F-16F7-4668-BE54-9A1E7A4F7556}") = "Modl", "Modl\Modl.csproj", "{0077C934-E53D-4881-83B6-011D2F080FB9}"
EndProject
Project("{9A19103F-16F7-4668-BE54-9A1E7A4F7556}") = "HaloWarsTools", "HaloWarsTools\HaloWarsTools.csproj", "{4B38BE06-C129-4406-AAA8-8185249F32C3}"
EndProject
Project("{9A19103F-16F7-4668-BE54-9A1E7A4F7556}") = "Glo", "Glo\Glo\Glo.csproj", "{A5EB1658-A4ED-4AD0-BAEB-917A74D9D180}"
EndProject
Project("{9A19103F-16F7-4668-BE54-9A1E7A4F7556}") = "Dat", "Dat\Dat.csproj", "{E97647AB-CDFF-4DDA-A516-79AF2CAEEB59}"
EndProject
Project("{9A19103F-16F7-4668-BE54-9A1E7A4F7556}") = "Gx", "Gx\Gx.csproj", "{C606A58F-1C67-45A7-A61F-045F8DE9E665}"
EndProject
Project("{9A19103F-16F7-4668-BE54-9A1E7A4F7556}") = "Asserts", "Asserts\Asserts.csproj", "{7627A0BE-007E-4040-AA94-4F59C38EAD86}"
EndProject
Project("{9A19103F-16F7-4668-BE54-9A1E7A4F7556}") = "Granny3d", "Granny3d\Granny3d.csproj", "{45DDB2A3-3AC0-43A9-AA11-F93FF020B218}"
EndProject
Project("{9A19103F-16F7-4668-BE54-9A1E7A4F7556}") = "Glo Tests", "Glo\Glo Tests\Glo Tests.csproj", "{3071C4CC-A1CE-4211-9612-C366AA0CCE3D}"
EndProject
Project("{9A19103F-16F7-4668-BE54-9A1E7A4F7556}") = "Benchmarks", "Benchmarks\Benchmarks.csproj", "{A0CFC24D-3C11-49F8-BF35-0ED04E82583F}"
EndProject
Project("{9A19103F-16F7-4668-BE54-9A1E7A4F7556}") = "Level5", "Level5\Level5.csproj", "{B4CB58D2-BDC9-4A3D-AD52-1E5C5FE565FF}"
EndProject
Project("{9A19103F-16F7-4668-BE54-9A1E7A4F7556}") = "Ast", "Ast\Ast.csproj", "{C0718D40-6D24-49F4-A30D-55B14078A0A1}"
EndProject
Project("{9A19103F-16F7-4668-BE54-9A1E7A4F7556}") = "Modl Tests", "Modl Tests\Modl Tests.csproj", "{5F095A1B-B21B-4208-A87E-D72C3D3DBFFC}"
EndProject
Project("{9A19103F-16F7-4668-BE54-9A1E7A4F7556}") = "Level5 Tests", "Level5 Tests\Level5 Tests.csproj", "{F4186339-6985-4767-83F6-371177697B5A}"
EndProject
Project("{9A19103F-16F7-4668-BE54-9A1E7A4F7556}") = "J3d Tests", "J3d\J3d Tests\J3d Tests.csproj", "{E1E5CE5B-9A89-474F-850E-EAAB09230E5F}"
EndProject
Project("{9A19103F-16F7-4668-BE54-9A1E7A4F7556}") = "Cmb Tests", "Cmb\Cmb Tests\Cmb Tests.csproj", "{288E57B9-4D50-42D9-89C7-51A730B0C46A}"
EndProject
Project("{2150E333-8FDC-42A3-9474-1A3956D46DE8}") = "Mod", "Mod", "{EB948400-DD24-4154-B73D-D4295D3FDEE8}"
EndProject
Project("{2150E333-8FDC-42A3-9474-1A3956D46DE8}") = "Cmb", "Cmb", "{7E95704D-43F3-4187-97B6-8FA621F8230E}"
EndProject
Project("{2150E333-8FDC-42A3-9474-1A3956D46DE8}") = "Fin", "Fin", "{98E57180-48B9-4648-AE42-7C7C67120471}"
EndProject
Project("{2150E333-8FDC-42A3-9474-1A3956D46DE8}") = "Modl", "Modl", "{CABF7879-B01D-4612-BD24-64D33650F137}"
EndProject
Project("{2150E333-8FDC-42A3-9474-1A3956D46DE8}") = "Glo", "Glo", "{7E57743A-6B22-4706-80F6-A0A0B6D0F64A}"
EndProject
Project("{2150E333-8FDC-42A3-9474-1A3956D46DE8}") = "_Schema", "_Schema", "{924DED9E-2ABC-484D-B32B-2ED2134CE605}"
EndProject
Project("{2150E333-8FDC-42A3-9474-1A3956D46DE8}") = "Level5", "Level5", "{6256208A-B872-4603-91AA-C79FB8F16EBB}"
EndProject
Project("{2150E333-8FDC-42A3-9474-1A3956D46DE8}") = "J3d", "J3d", "{AEE48E38-BDEF-46C4-BD09-ED5079DB4D2E}"
EndProject
Project("{9A19103F-16F7-4668-BE54-9A1E7A4F7556}") = "SuperMario64", "SuperMario64\SuperMario64.csproj", "{39CA04AC-C886-4B46-9540-99451931E8D1}"
EndProject
Project("{9A19103F-16F7-4668-BE54-9A1E7A4F7556}") = "ModelPluginWrappers", "ModelPluginWrappers\ModelPluginWrappers.csproj", "{2FC033F8-043D-4175-BA13-B49A4DCD19B4}"
EndProject
Project("{9A19103F-16F7-4668-BE54-9A1E7A4F7556}") = "Xmod", "Xmod\Xmod.csproj", "{D56EF0D4-DE4A-43E7-8888-972CF9D278C6}"
EndProject
Project("{9A19103F-16F7-4668-BE54-9A1E7A4F7556}") = "Visceral", "Visceral\Visceral.csproj", "{81FDE95E-2E17-4B16-8CD7-8104BAEC39FC}"
EndProject
Project("{9A19103F-16F7-4668-BE54-9A1E7A4F7556}") = "Utility of Time CSharp", "Utility of Time CSharp\Utility of Time CSharp.csproj", "{089C1412-5CCA-4E35-A3A9-13BB34071E8C}"
EndProject
Project("{2150E333-8FDC-42A3-9474-1A3956D46DE8}") = "SuperMario64", "SuperMario64", "{F00A8105-3678-4D79-841E-7F75D3DD7635}"
EndProject
Project("{9A19103F-16F7-4668-BE54-9A1E7A4F7556}") = "SuperMario64 Tests", "SuperMario64 Tests\SuperMario64 Tests.csproj", "{1C942FA4-F392-49C5-B329-6AF432FCCC59}"
EndProject
Project("{2150E333-8FDC-42A3-9474-1A3956D46DE8}") = "Ast", "Ast", "{5440ADEB-9326-4147-89FE-C87F5CE6B013}"
EndProject
Project("{9A19103F-16F7-4668-BE54-9A1E7A4F7556}") = "Ast Tests", "Ast Tests\Ast Tests.csproj", "{DE4EC779-18FF-44DB-94AE-1A38CD497EC5}"
EndProject
Project("{2150E333-8FDC-42A3-9474-1A3956D46DE8}") = "Visceral", "Visceral", "{16E172B0-48E0-4F15-80E0-36A69EAE5876}"
EndProject
Project("{9A19103F-16F7-4668-BE54-9A1E7A4F7556}") = "Visceral Tests", "Visceral Tests\Visceral Tests.csproj", "{4A26CA2D-CA84-475A-906A-FDDADFEA2705}"
EndProject
Project("{2150E333-8FDC-42A3-9474-1A3956D46DE8}") = "HaloWars", "HaloWars", "{03F66C13-3F83-44C1-8968-CF7589D48D59}"
EndProject
Project("{9A19103F-16F7-4668-BE54-9A1E7A4F7556}") = "HaloWars Tests", "HaloWars Tests\HaloWars Tests.csproj", "{5AB1E50C-65BE-4849-85A1-419A5759CF3B}"
EndProject
Project("{2150E333-8FDC-42A3-9474-1A3956D46DE8}") = "SceneGate", "SceneGate", "{CC75CADD-6DD6-40E9-BC1B-730B62A62C3F}"
EndProject
Project("{9A19103F-16F7-4668-BE54-9A1E7A4F7556}") = "Ekona", "SceneGate\Ekona\src\Ekona\Ekona.csproj", "{9DB5915B-9D2F-4AF0-871E-B5840023DF3A}"
EndProject
Project("{9A19103F-16F7-4668-BE54-9A1E7A4F7556}") = "Texim", "SceneGate\Texim\src\Texim\Texim.csproj", "{591B9798-2103-4E20-9B65-34AA72B6BC65}"
EndProject
Project("{9A19103F-16F7-4668-BE54-9A1E7A4F7556}") = "Lemon", "SceneGate\Lemon\src\Lemon\Lemon.csproj", "{4398587E-0B7B-4302-8344-EA41AFABA43A}"
EndProject
Project("{9A19103F-16F7-4668-BE54-9A1E7A4F7556}") = "Yarhl", "SceneGate\Yarhl\src\Yarhl\Yarhl.csproj", "{77676319-66D9-4EAC-AD6E-CE05BBC49CCC}"
EndProject
Global
	GlobalSection(SolutionConfigurationPlatforms) = preSolution
		Debug|Any CPU = Debug|Any CPU
		Debug|x64 = Debug|x64
		Debug|x86 = Debug|x86
		Release|Any CPU = Release|Any CPU
		Release|x64 = Release|x64
		Release|x86 = Release|x86
	EndGlobalSection
	GlobalSection(ProjectConfigurationPlatforms) = postSolution
		{48B6183A-CF51-42A4-889E-A75DA704D71D}.Debug|Any CPU.ActiveCfg = Debug|Any CPU
		{48B6183A-CF51-42A4-889E-A75DA704D71D}.Debug|Any CPU.Build.0 = Debug|Any CPU
		{48B6183A-CF51-42A4-889E-A75DA704D71D}.Debug|x64.ActiveCfg = Debug|Any CPU
		{48B6183A-CF51-42A4-889E-A75DA704D71D}.Debug|x64.Build.0 = Debug|Any CPU
		{48B6183A-CF51-42A4-889E-A75DA704D71D}.Debug|x86.ActiveCfg = Debug|Any CPU
		{48B6183A-CF51-42A4-889E-A75DA704D71D}.Debug|x86.Build.0 = Debug|Any CPU
		{48B6183A-CF51-42A4-889E-A75DA704D71D}.Release|Any CPU.ActiveCfg = Release|Any CPU
		{48B6183A-CF51-42A4-889E-A75DA704D71D}.Release|Any CPU.Build.0 = Release|Any CPU
		{48B6183A-CF51-42A4-889E-A75DA704D71D}.Release|x64.ActiveCfg = Release|Any CPU
		{48B6183A-CF51-42A4-889E-A75DA704D71D}.Release|x64.Build.0 = Release|Any CPU
		{48B6183A-CF51-42A4-889E-A75DA704D71D}.Release|x86.ActiveCfg = Release|Any CPU
		{48B6183A-CF51-42A4-889E-A75DA704D71D}.Release|x86.Build.0 = Release|Any CPU
		{8D0572E4-4867-4AB4-B0C3-AE0BDDD3FEC6}.Debug|Any CPU.ActiveCfg = Debug|Any CPU
		{8D0572E4-4867-4AB4-B0C3-AE0BDDD3FEC6}.Debug|Any CPU.Build.0 = Debug|Any CPU
		{8D0572E4-4867-4AB4-B0C3-AE0BDDD3FEC6}.Debug|x64.ActiveCfg = Debug|Any CPU
		{8D0572E4-4867-4AB4-B0C3-AE0BDDD3FEC6}.Debug|x64.Build.0 = Debug|Any CPU
		{8D0572E4-4867-4AB4-B0C3-AE0BDDD3FEC6}.Debug|x86.ActiveCfg = Debug|Any CPU
		{8D0572E4-4867-4AB4-B0C3-AE0BDDD3FEC6}.Debug|x86.Build.0 = Debug|Any CPU
		{8D0572E4-4867-4AB4-B0C3-AE0BDDD3FEC6}.Release|Any CPU.ActiveCfg = Release|Any CPU
		{8D0572E4-4867-4AB4-B0C3-AE0BDDD3FEC6}.Release|Any CPU.Build.0 = Release|Any CPU
		{8D0572E4-4867-4AB4-B0C3-AE0BDDD3FEC6}.Release|x64.ActiveCfg = Release|Any CPU
		{8D0572E4-4867-4AB4-B0C3-AE0BDDD3FEC6}.Release|x64.Build.0 = Release|Any CPU
		{8D0572E4-4867-4AB4-B0C3-AE0BDDD3FEC6}.Release|x86.ActiveCfg = Release|Any CPU
		{8D0572E4-4867-4AB4-B0C3-AE0BDDD3FEC6}.Release|x86.Build.0 = Release|Any CPU
		{E794C24F-B285-4BBD-9388-35382AB1A1B4}.Debug|Any CPU.ActiveCfg = Debug|Any CPU
		{E794C24F-B285-4BBD-9388-35382AB1A1B4}.Debug|Any CPU.Build.0 = Debug|Any CPU
		{E794C24F-B285-4BBD-9388-35382AB1A1B4}.Debug|x64.ActiveCfg = Debug|Any CPU
		{E794C24F-B285-4BBD-9388-35382AB1A1B4}.Debug|x64.Build.0 = Debug|Any CPU
		{E794C24F-B285-4BBD-9388-35382AB1A1B4}.Debug|x86.ActiveCfg = Debug|Any CPU
		{E794C24F-B285-4BBD-9388-35382AB1A1B4}.Debug|x86.Build.0 = Debug|Any CPU
		{E794C24F-B285-4BBD-9388-35382AB1A1B4}.Release|Any CPU.ActiveCfg = Release|Any CPU
		{E794C24F-B285-4BBD-9388-35382AB1A1B4}.Release|Any CPU.Build.0 = Release|Any CPU
		{E794C24F-B285-4BBD-9388-35382AB1A1B4}.Release|x64.ActiveCfg = Release|Any CPU
		{E794C24F-B285-4BBD-9388-35382AB1A1B4}.Release|x64.Build.0 = Release|Any CPU
		{E794C24F-B285-4BBD-9388-35382AB1A1B4}.Release|x86.ActiveCfg = Release|Any CPU
		{E794C24F-B285-4BBD-9388-35382AB1A1B4}.Release|x86.Build.0 = Release|Any CPU
		{2FE7D88B-9241-44B0-BC25-FE293EADCF59}.Debug|Any CPU.ActiveCfg = Debug|Any CPU
		{2FE7D88B-9241-44B0-BC25-FE293EADCF59}.Debug|Any CPU.Build.0 = Debug|Any CPU
		{2FE7D88B-9241-44B0-BC25-FE293EADCF59}.Debug|x64.ActiveCfg = Debug|Any CPU
		{2FE7D88B-9241-44B0-BC25-FE293EADCF59}.Debug|x64.Build.0 = Debug|Any CPU
		{2FE7D88B-9241-44B0-BC25-FE293EADCF59}.Debug|x86.ActiveCfg = Debug|Any CPU
		{2FE7D88B-9241-44B0-BC25-FE293EADCF59}.Debug|x86.Build.0 = Debug|Any CPU
		{2FE7D88B-9241-44B0-BC25-FE293EADCF59}.Release|Any CPU.ActiveCfg = Release|Any CPU
		{2FE7D88B-9241-44B0-BC25-FE293EADCF59}.Release|Any CPU.Build.0 = Release|Any CPU
		{2FE7D88B-9241-44B0-BC25-FE293EADCF59}.Release|x64.ActiveCfg = Release|Any CPU
		{2FE7D88B-9241-44B0-BC25-FE293EADCF59}.Release|x64.Build.0 = Release|Any CPU
		{2FE7D88B-9241-44B0-BC25-FE293EADCF59}.Release|x86.ActiveCfg = Release|Any CPU
		{2FE7D88B-9241-44B0-BC25-FE293EADCF59}.Release|x86.Build.0 = Release|Any CPU
		{C74782A2-6011-4A13-AC8E-85CCAB05F1C0}.Debug|Any CPU.ActiveCfg = Debug|Any CPU
		{C74782A2-6011-4A13-AC8E-85CCAB05F1C0}.Debug|Any CPU.Build.0 = Debug|Any CPU
		{C74782A2-6011-4A13-AC8E-85CCAB05F1C0}.Debug|x64.ActiveCfg = Debug|Any CPU
		{C74782A2-6011-4A13-AC8E-85CCAB05F1C0}.Debug|x64.Build.0 = Debug|Any CPU
		{C74782A2-6011-4A13-AC8E-85CCAB05F1C0}.Debug|x86.ActiveCfg = Debug|Any CPU
		{C74782A2-6011-4A13-AC8E-85CCAB05F1C0}.Debug|x86.Build.0 = Debug|Any CPU
		{C74782A2-6011-4A13-AC8E-85CCAB05F1C0}.Release|Any CPU.ActiveCfg = Release|Any CPU
		{C74782A2-6011-4A13-AC8E-85CCAB05F1C0}.Release|Any CPU.Build.0 = Release|Any CPU
		{C74782A2-6011-4A13-AC8E-85CCAB05F1C0}.Release|x64.ActiveCfg = Release|Any CPU
		{C74782A2-6011-4A13-AC8E-85CCAB05F1C0}.Release|x64.Build.0 = Release|Any CPU
		{C74782A2-6011-4A13-AC8E-85CCAB05F1C0}.Release|x86.ActiveCfg = Release|Any CPU
		{C74782A2-6011-4A13-AC8E-85CCAB05F1C0}.Release|x86.Build.0 = Release|Any CPU
		{C8F325AF-2914-483C-B8A8-CED76E03C31E}.Debug|Any CPU.ActiveCfg = Debug|Any CPU
		{C8F325AF-2914-483C-B8A8-CED76E03C31E}.Debug|Any CPU.Build.0 = Debug|Any CPU
		{C8F325AF-2914-483C-B8A8-CED76E03C31E}.Debug|x64.ActiveCfg = Debug|Any CPU
		{C8F325AF-2914-483C-B8A8-CED76E03C31E}.Debug|x64.Build.0 = Debug|Any CPU
		{C8F325AF-2914-483C-B8A8-CED76E03C31E}.Debug|x86.ActiveCfg = Debug|Any CPU
		{C8F325AF-2914-483C-B8A8-CED76E03C31E}.Debug|x86.Build.0 = Debug|Any CPU
		{C8F325AF-2914-483C-B8A8-CED76E03C31E}.Release|Any CPU.ActiveCfg = Release|Any CPU
		{C8F325AF-2914-483C-B8A8-CED76E03C31E}.Release|Any CPU.Build.0 = Release|Any CPU
		{C8F325AF-2914-483C-B8A8-CED76E03C31E}.Release|x64.ActiveCfg = Release|Any CPU
		{C8F325AF-2914-483C-B8A8-CED76E03C31E}.Release|x64.Build.0 = Release|Any CPU
		{C8F325AF-2914-483C-B8A8-CED76E03C31E}.Release|x86.ActiveCfg = Release|Any CPU
		{C8F325AF-2914-483C-B8A8-CED76E03C31E}.Release|x86.Build.0 = Release|Any CPU
		{7F57B864-05CB-4488-A798-0FC08D9F62B2}.Debug|Any CPU.ActiveCfg = Debug|Any CPU
		{7F57B864-05CB-4488-A798-0FC08D9F62B2}.Debug|Any CPU.Build.0 = Debug|Any CPU
		{7F57B864-05CB-4488-A798-0FC08D9F62B2}.Debug|x64.ActiveCfg = Debug|Any CPU
		{7F57B864-05CB-4488-A798-0FC08D9F62B2}.Debug|x64.Build.0 = Debug|Any CPU
		{7F57B864-05CB-4488-A798-0FC08D9F62B2}.Debug|x86.ActiveCfg = Debug|Any CPU
		{7F57B864-05CB-4488-A798-0FC08D9F62B2}.Debug|x86.Build.0 = Debug|Any CPU
		{7F57B864-05CB-4488-A798-0FC08D9F62B2}.Release|Any CPU.ActiveCfg = Release|Any CPU
		{7F57B864-05CB-4488-A798-0FC08D9F62B2}.Release|Any CPU.Build.0 = Release|Any CPU
		{7F57B864-05CB-4488-A798-0FC08D9F62B2}.Release|x64.ActiveCfg = Release|Any CPU
		{7F57B864-05CB-4488-A798-0FC08D9F62B2}.Release|x64.Build.0 = Release|Any CPU
		{7F57B864-05CB-4488-A798-0FC08D9F62B2}.Release|x86.ActiveCfg = Release|Any CPU
		{7F57B864-05CB-4488-A798-0FC08D9F62B2}.Release|x86.Build.0 = Release|Any CPU
		{439E4AFB-51BD-4F54-B6FA-E20A06E29D6F}.Debug|Any CPU.ActiveCfg = Debug|Any CPU
		{439E4AFB-51BD-4F54-B6FA-E20A06E29D6F}.Debug|Any CPU.Build.0 = Debug|Any CPU
		{439E4AFB-51BD-4F54-B6FA-E20A06E29D6F}.Debug|x64.ActiveCfg = Debug|Any CPU
		{439E4AFB-51BD-4F54-B6FA-E20A06E29D6F}.Debug|x64.Build.0 = Debug|Any CPU
		{439E4AFB-51BD-4F54-B6FA-E20A06E29D6F}.Debug|x86.ActiveCfg = Debug|Any CPU
		{439E4AFB-51BD-4F54-B6FA-E20A06E29D6F}.Debug|x86.Build.0 = Debug|Any CPU
		{439E4AFB-51BD-4F54-B6FA-E20A06E29D6F}.Release|Any CPU.ActiveCfg = Release|Any CPU
		{439E4AFB-51BD-4F54-B6FA-E20A06E29D6F}.Release|Any CPU.Build.0 = Release|Any CPU
		{439E4AFB-51BD-4F54-B6FA-E20A06E29D6F}.Release|x64.ActiveCfg = Release|Any CPU
		{439E4AFB-51BD-4F54-B6FA-E20A06E29D6F}.Release|x64.Build.0 = Release|Any CPU
		{439E4AFB-51BD-4F54-B6FA-E20A06E29D6F}.Release|x86.ActiveCfg = Release|Any CPU
		{439E4AFB-51BD-4F54-B6FA-E20A06E29D6F}.Release|x86.Build.0 = Release|Any CPU
		{45228CB1-B212-4779-949E-4B8FCC001F71}.Debug|Any CPU.ActiveCfg = Debug|Any CPU
		{45228CB1-B212-4779-949E-4B8FCC001F71}.Debug|Any CPU.Build.0 = Debug|Any CPU
		{45228CB1-B212-4779-949E-4B8FCC001F71}.Debug|x64.ActiveCfg = Debug|Any CPU
		{45228CB1-B212-4779-949E-4B8FCC001F71}.Debug|x64.Build.0 = Debug|Any CPU
		{45228CB1-B212-4779-949E-4B8FCC001F71}.Debug|x86.ActiveCfg = Debug|Any CPU
		{45228CB1-B212-4779-949E-4B8FCC001F71}.Debug|x86.Build.0 = Debug|Any CPU
		{45228CB1-B212-4779-949E-4B8FCC001F71}.Release|Any CPU.ActiveCfg = Release|Any CPU
		{45228CB1-B212-4779-949E-4B8FCC001F71}.Release|Any CPU.Build.0 = Release|Any CPU
		{45228CB1-B212-4779-949E-4B8FCC001F71}.Release|x64.ActiveCfg = Release|Any CPU
		{45228CB1-B212-4779-949E-4B8FCC001F71}.Release|x64.Build.0 = Release|Any CPU
		{45228CB1-B212-4779-949E-4B8FCC001F71}.Release|x86.ActiveCfg = Release|Any CPU
		{45228CB1-B212-4779-949E-4B8FCC001F71}.Release|x86.Build.0 = Release|Any CPU
		{7E2E1FEE-0A02-4FB6-8C3B-9C4080D3758A}.Debug|Any CPU.ActiveCfg = Debug|Any CPU
		{7E2E1FEE-0A02-4FB6-8C3B-9C4080D3758A}.Debug|Any CPU.Build.0 = Debug|Any CPU
		{7E2E1FEE-0A02-4FB6-8C3B-9C4080D3758A}.Debug|x64.ActiveCfg = Debug|Any CPU
		{7E2E1FEE-0A02-4FB6-8C3B-9C4080D3758A}.Debug|x64.Build.0 = Debug|Any CPU
		{7E2E1FEE-0A02-4FB6-8C3B-9C4080D3758A}.Debug|x86.ActiveCfg = Debug|Any CPU
		{7E2E1FEE-0A02-4FB6-8C3B-9C4080D3758A}.Debug|x86.Build.0 = Debug|Any CPU
		{7E2E1FEE-0A02-4FB6-8C3B-9C4080D3758A}.Release|Any CPU.ActiveCfg = Release|Any CPU
		{7E2E1FEE-0A02-4FB6-8C3B-9C4080D3758A}.Release|Any CPU.Build.0 = Release|Any CPU
		{7E2E1FEE-0A02-4FB6-8C3B-9C4080D3758A}.Release|x64.ActiveCfg = Release|Any CPU
		{7E2E1FEE-0A02-4FB6-8C3B-9C4080D3758A}.Release|x64.Build.0 = Release|Any CPU
		{7E2E1FEE-0A02-4FB6-8C3B-9C4080D3758A}.Release|x86.ActiveCfg = Release|Any CPU
		{7E2E1FEE-0A02-4FB6-8C3B-9C4080D3758A}.Release|x86.Build.0 = Release|Any CPU
		{67444A5C-48C3-4004-8BC5-3947BF323921}.Debug|Any CPU.ActiveCfg = Debug|Any CPU
		{67444A5C-48C3-4004-8BC5-3947BF323921}.Debug|Any CPU.Build.0 = Debug|Any CPU
		{67444A5C-48C3-4004-8BC5-3947BF323921}.Debug|x64.ActiveCfg = Debug|Any CPU
		{67444A5C-48C3-4004-8BC5-3947BF323921}.Debug|x64.Build.0 = Debug|Any CPU
		{67444A5C-48C3-4004-8BC5-3947BF323921}.Debug|x86.ActiveCfg = Debug|Any CPU
		{67444A5C-48C3-4004-8BC5-3947BF323921}.Debug|x86.Build.0 = Debug|Any CPU
		{67444A5C-48C3-4004-8BC5-3947BF323921}.Release|Any CPU.ActiveCfg = Release|Any CPU
		{67444A5C-48C3-4004-8BC5-3947BF323921}.Release|Any CPU.Build.0 = Release|Any CPU
		{67444A5C-48C3-4004-8BC5-3947BF323921}.Release|x64.ActiveCfg = Release|Any CPU
		{67444A5C-48C3-4004-8BC5-3947BF323921}.Release|x64.Build.0 = Release|Any CPU
		{67444A5C-48C3-4004-8BC5-3947BF323921}.Release|x86.ActiveCfg = Release|Any CPU
		{67444A5C-48C3-4004-8BC5-3947BF323921}.Release|x86.Build.0 = Release|Any CPU
		{0077C934-E53D-4881-83B6-011D2F080FB9}.Debug|Any CPU.ActiveCfg = Debug|Any CPU
		{0077C934-E53D-4881-83B6-011D2F080FB9}.Debug|Any CPU.Build.0 = Debug|Any CPU
		{0077C934-E53D-4881-83B6-011D2F080FB9}.Debug|x64.ActiveCfg = Debug|Any CPU
		{0077C934-E53D-4881-83B6-011D2F080FB9}.Debug|x64.Build.0 = Debug|Any CPU
		{0077C934-E53D-4881-83B6-011D2F080FB9}.Debug|x86.ActiveCfg = Debug|Any CPU
		{0077C934-E53D-4881-83B6-011D2F080FB9}.Debug|x86.Build.0 = Debug|Any CPU
		{0077C934-E53D-4881-83B6-011D2F080FB9}.Release|Any CPU.ActiveCfg = Release|Any CPU
		{0077C934-E53D-4881-83B6-011D2F080FB9}.Release|Any CPU.Build.0 = Release|Any CPU
		{0077C934-E53D-4881-83B6-011D2F080FB9}.Release|x64.ActiveCfg = Release|Any CPU
		{0077C934-E53D-4881-83B6-011D2F080FB9}.Release|x64.Build.0 = Release|Any CPU
		{0077C934-E53D-4881-83B6-011D2F080FB9}.Release|x86.ActiveCfg = Release|Any CPU
		{0077C934-E53D-4881-83B6-011D2F080FB9}.Release|x86.Build.0 = Release|Any CPU
		{4B38BE06-C129-4406-AAA8-8185249F32C3}.Debug|Any CPU.ActiveCfg = Debug|Any CPU
		{4B38BE06-C129-4406-AAA8-8185249F32C3}.Debug|Any CPU.Build.0 = Debug|Any CPU
		{4B38BE06-C129-4406-AAA8-8185249F32C3}.Debug|x64.ActiveCfg = Debug|x64
		{4B38BE06-C129-4406-AAA8-8185249F32C3}.Debug|x64.Build.0 = Debug|x64
		{4B38BE06-C129-4406-AAA8-8185249F32C3}.Debug|x86.ActiveCfg = Debug|x86
		{4B38BE06-C129-4406-AAA8-8185249F32C3}.Debug|x86.Build.0 = Debug|x86
		{4B38BE06-C129-4406-AAA8-8185249F32C3}.Release|Any CPU.ActiveCfg = Release|Any CPU
		{4B38BE06-C129-4406-AAA8-8185249F32C3}.Release|Any CPU.Build.0 = Release|Any CPU
		{4B38BE06-C129-4406-AAA8-8185249F32C3}.Release|x64.ActiveCfg = Release|x64
		{4B38BE06-C129-4406-AAA8-8185249F32C3}.Release|x64.Build.0 = Release|x64
		{4B38BE06-C129-4406-AAA8-8185249F32C3}.Release|x86.ActiveCfg = Release|x86
		{4B38BE06-C129-4406-AAA8-8185249F32C3}.Release|x86.Build.0 = Release|x86
		{A5EB1658-A4ED-4AD0-BAEB-917A74D9D180}.Debug|Any CPU.ActiveCfg = Debug|Any CPU
		{A5EB1658-A4ED-4AD0-BAEB-917A74D9D180}.Debug|Any CPU.Build.0 = Debug|Any CPU
		{A5EB1658-A4ED-4AD0-BAEB-917A74D9D180}.Debug|x64.ActiveCfg = Debug|Any CPU
		{A5EB1658-A4ED-4AD0-BAEB-917A74D9D180}.Debug|x64.Build.0 = Debug|Any CPU
		{A5EB1658-A4ED-4AD0-BAEB-917A74D9D180}.Debug|x86.ActiveCfg = Debug|Any CPU
		{A5EB1658-A4ED-4AD0-BAEB-917A74D9D180}.Debug|x86.Build.0 = Debug|Any CPU
		{A5EB1658-A4ED-4AD0-BAEB-917A74D9D180}.Release|Any CPU.ActiveCfg = Release|Any CPU
		{A5EB1658-A4ED-4AD0-BAEB-917A74D9D180}.Release|Any CPU.Build.0 = Release|Any CPU
		{A5EB1658-A4ED-4AD0-BAEB-917A74D9D180}.Release|x64.ActiveCfg = Release|Any CPU
		{A5EB1658-A4ED-4AD0-BAEB-917A74D9D180}.Release|x64.Build.0 = Release|Any CPU
		{A5EB1658-A4ED-4AD0-BAEB-917A74D9D180}.Release|x86.ActiveCfg = Release|Any CPU
		{A5EB1658-A4ED-4AD0-BAEB-917A74D9D180}.Release|x86.Build.0 = Release|Any CPU
		{E97647AB-CDFF-4DDA-A516-79AF2CAEEB59}.Debug|Any CPU.ActiveCfg = Debug|Any CPU
		{E97647AB-CDFF-4DDA-A516-79AF2CAEEB59}.Debug|Any CPU.Build.0 = Debug|Any CPU
		{E97647AB-CDFF-4DDA-A516-79AF2CAEEB59}.Debug|x64.ActiveCfg = Debug|Any CPU
		{E97647AB-CDFF-4DDA-A516-79AF2CAEEB59}.Debug|x64.Build.0 = Debug|Any CPU
		{E97647AB-CDFF-4DDA-A516-79AF2CAEEB59}.Debug|x86.ActiveCfg = Debug|Any CPU
		{E97647AB-CDFF-4DDA-A516-79AF2CAEEB59}.Debug|x86.Build.0 = Debug|Any CPU
		{E97647AB-CDFF-4DDA-A516-79AF2CAEEB59}.Release|Any CPU.ActiveCfg = Release|Any CPU
		{E97647AB-CDFF-4DDA-A516-79AF2CAEEB59}.Release|Any CPU.Build.0 = Release|Any CPU
		{E97647AB-CDFF-4DDA-A516-79AF2CAEEB59}.Release|x64.ActiveCfg = Release|Any CPU
		{E97647AB-CDFF-4DDA-A516-79AF2CAEEB59}.Release|x64.Build.0 = Release|Any CPU
		{E97647AB-CDFF-4DDA-A516-79AF2CAEEB59}.Release|x86.ActiveCfg = Release|Any CPU
		{E97647AB-CDFF-4DDA-A516-79AF2CAEEB59}.Release|x86.Build.0 = Release|Any CPU
		{C606A58F-1C67-45A7-A61F-045F8DE9E665}.Debug|Any CPU.ActiveCfg = Debug|Any CPU
		{C606A58F-1C67-45A7-A61F-045F8DE9E665}.Debug|Any CPU.Build.0 = Debug|Any CPU
		{C606A58F-1C67-45A7-A61F-045F8DE9E665}.Debug|x64.ActiveCfg = Debug|Any CPU
		{C606A58F-1C67-45A7-A61F-045F8DE9E665}.Debug|x64.Build.0 = Debug|Any CPU
		{C606A58F-1C67-45A7-A61F-045F8DE9E665}.Debug|x86.ActiveCfg = Debug|Any CPU
		{C606A58F-1C67-45A7-A61F-045F8DE9E665}.Debug|x86.Build.0 = Debug|Any CPU
		{C606A58F-1C67-45A7-A61F-045F8DE9E665}.Release|Any CPU.ActiveCfg = Release|Any CPU
		{C606A58F-1C67-45A7-A61F-045F8DE9E665}.Release|Any CPU.Build.0 = Release|Any CPU
		{C606A58F-1C67-45A7-A61F-045F8DE9E665}.Release|x64.ActiveCfg = Release|Any CPU
		{C606A58F-1C67-45A7-A61F-045F8DE9E665}.Release|x64.Build.0 = Release|Any CPU
		{C606A58F-1C67-45A7-A61F-045F8DE9E665}.Release|x86.ActiveCfg = Release|Any CPU
		{C606A58F-1C67-45A7-A61F-045F8DE9E665}.Release|x86.Build.0 = Release|Any CPU
		{7627A0BE-007E-4040-AA94-4F59C38EAD86}.Debug|Any CPU.ActiveCfg = Debug|Any CPU
		{7627A0BE-007E-4040-AA94-4F59C38EAD86}.Debug|Any CPU.Build.0 = Debug|Any CPU
		{7627A0BE-007E-4040-AA94-4F59C38EAD86}.Debug|x64.ActiveCfg = Debug|Any CPU
		{7627A0BE-007E-4040-AA94-4F59C38EAD86}.Debug|x64.Build.0 = Debug|Any CPU
		{7627A0BE-007E-4040-AA94-4F59C38EAD86}.Debug|x86.ActiveCfg = Debug|Any CPU
		{7627A0BE-007E-4040-AA94-4F59C38EAD86}.Debug|x86.Build.0 = Debug|Any CPU
		{7627A0BE-007E-4040-AA94-4F59C38EAD86}.Release|Any CPU.ActiveCfg = Release|Any CPU
		{7627A0BE-007E-4040-AA94-4F59C38EAD86}.Release|Any CPU.Build.0 = Release|Any CPU
		{7627A0BE-007E-4040-AA94-4F59C38EAD86}.Release|x64.ActiveCfg = Release|Any CPU
		{7627A0BE-007E-4040-AA94-4F59C38EAD86}.Release|x64.Build.0 = Release|Any CPU
		{7627A0BE-007E-4040-AA94-4F59C38EAD86}.Release|x86.ActiveCfg = Release|Any CPU
		{7627A0BE-007E-4040-AA94-4F59C38EAD86}.Release|x86.Build.0 = Release|Any CPU
		{45DDB2A3-3AC0-43A9-AA11-F93FF020B218}.Debug|Any CPU.ActiveCfg = Debug|Any CPU
		{45DDB2A3-3AC0-43A9-AA11-F93FF020B218}.Debug|Any CPU.Build.0 = Debug|Any CPU
		{45DDB2A3-3AC0-43A9-AA11-F93FF020B218}.Debug|x64.ActiveCfg = Debug|Any CPU
		{45DDB2A3-3AC0-43A9-AA11-F93FF020B218}.Debug|x64.Build.0 = Debug|Any CPU
		{45DDB2A3-3AC0-43A9-AA11-F93FF020B218}.Debug|x86.ActiveCfg = Debug|Any CPU
		{45DDB2A3-3AC0-43A9-AA11-F93FF020B218}.Debug|x86.Build.0 = Debug|Any CPU
		{45DDB2A3-3AC0-43A9-AA11-F93FF020B218}.Release|Any CPU.ActiveCfg = Release|Any CPU
		{45DDB2A3-3AC0-43A9-AA11-F93FF020B218}.Release|Any CPU.Build.0 = Release|Any CPU
		{45DDB2A3-3AC0-43A9-AA11-F93FF020B218}.Release|x64.ActiveCfg = Release|Any CPU
		{45DDB2A3-3AC0-43A9-AA11-F93FF020B218}.Release|x64.Build.0 = Release|Any CPU
		{45DDB2A3-3AC0-43A9-AA11-F93FF020B218}.Release|x86.ActiveCfg = Release|Any CPU
		{45DDB2A3-3AC0-43A9-AA11-F93FF020B218}.Release|x86.Build.0 = Release|Any CPU
		{3071C4CC-A1CE-4211-9612-C366AA0CCE3D}.Debug|Any CPU.ActiveCfg = Debug|Any CPU
		{3071C4CC-A1CE-4211-9612-C366AA0CCE3D}.Debug|Any CPU.Build.0 = Debug|Any CPU
		{3071C4CC-A1CE-4211-9612-C366AA0CCE3D}.Debug|x64.ActiveCfg = Debug|Any CPU
		{3071C4CC-A1CE-4211-9612-C366AA0CCE3D}.Debug|x64.Build.0 = Debug|Any CPU
		{3071C4CC-A1CE-4211-9612-C366AA0CCE3D}.Debug|x86.ActiveCfg = Debug|Any CPU
		{3071C4CC-A1CE-4211-9612-C366AA0CCE3D}.Debug|x86.Build.0 = Debug|Any CPU
		{3071C4CC-A1CE-4211-9612-C366AA0CCE3D}.Release|Any CPU.ActiveCfg = Release|Any CPU
		{3071C4CC-A1CE-4211-9612-C366AA0CCE3D}.Release|Any CPU.Build.0 = Release|Any CPU
		{3071C4CC-A1CE-4211-9612-C366AA0CCE3D}.Release|x64.ActiveCfg = Release|Any CPU
		{3071C4CC-A1CE-4211-9612-C366AA0CCE3D}.Release|x64.Build.0 = Release|Any CPU
		{3071C4CC-A1CE-4211-9612-C366AA0CCE3D}.Release|x86.ActiveCfg = Release|Any CPU
		{3071C4CC-A1CE-4211-9612-C366AA0CCE3D}.Release|x86.Build.0 = Release|Any CPU
		{A0CFC24D-3C11-49F8-BF35-0ED04E82583F}.Debug|Any CPU.ActiveCfg = Debug|Any CPU
		{A0CFC24D-3C11-49F8-BF35-0ED04E82583F}.Debug|Any CPU.Build.0 = Debug|Any CPU
		{A0CFC24D-3C11-49F8-BF35-0ED04E82583F}.Debug|x64.ActiveCfg = Debug|Any CPU
		{A0CFC24D-3C11-49F8-BF35-0ED04E82583F}.Debug|x64.Build.0 = Debug|Any CPU
		{A0CFC24D-3C11-49F8-BF35-0ED04E82583F}.Debug|x86.ActiveCfg = Debug|Any CPU
		{A0CFC24D-3C11-49F8-BF35-0ED04E82583F}.Debug|x86.Build.0 = Debug|Any CPU
		{A0CFC24D-3C11-49F8-BF35-0ED04E82583F}.Release|Any CPU.ActiveCfg = Release|Any CPU
		{A0CFC24D-3C11-49F8-BF35-0ED04E82583F}.Release|Any CPU.Build.0 = Release|Any CPU
		{A0CFC24D-3C11-49F8-BF35-0ED04E82583F}.Release|x64.ActiveCfg = Release|Any CPU
		{A0CFC24D-3C11-49F8-BF35-0ED04E82583F}.Release|x64.Build.0 = Release|Any CPU
		{A0CFC24D-3C11-49F8-BF35-0ED04E82583F}.Release|x86.ActiveCfg = Release|Any CPU
		{A0CFC24D-3C11-49F8-BF35-0ED04E82583F}.Release|x86.Build.0 = Release|Any CPU
		{B4CB58D2-BDC9-4A3D-AD52-1E5C5FE565FF}.Debug|Any CPU.ActiveCfg = Debug|Any CPU
		{B4CB58D2-BDC9-4A3D-AD52-1E5C5FE565FF}.Debug|Any CPU.Build.0 = Debug|Any CPU
		{B4CB58D2-BDC9-4A3D-AD52-1E5C5FE565FF}.Debug|x64.ActiveCfg = Debug|Any CPU
		{B4CB58D2-BDC9-4A3D-AD52-1E5C5FE565FF}.Debug|x64.Build.0 = Debug|Any CPU
		{B4CB58D2-BDC9-4A3D-AD52-1E5C5FE565FF}.Debug|x86.ActiveCfg = Debug|Any CPU
		{B4CB58D2-BDC9-4A3D-AD52-1E5C5FE565FF}.Debug|x86.Build.0 = Debug|Any CPU
		{B4CB58D2-BDC9-4A3D-AD52-1E5C5FE565FF}.Release|Any CPU.ActiveCfg = Release|Any CPU
		{B4CB58D2-BDC9-4A3D-AD52-1E5C5FE565FF}.Release|Any CPU.Build.0 = Release|Any CPU
		{B4CB58D2-BDC9-4A3D-AD52-1E5C5FE565FF}.Release|x64.ActiveCfg = Release|Any CPU
		{B4CB58D2-BDC9-4A3D-AD52-1E5C5FE565FF}.Release|x64.Build.0 = Release|Any CPU
		{B4CB58D2-BDC9-4A3D-AD52-1E5C5FE565FF}.Release|x86.ActiveCfg = Release|Any CPU
		{B4CB58D2-BDC9-4A3D-AD52-1E5C5FE565FF}.Release|x86.Build.0 = Release|Any CPU
		{C0718D40-6D24-49F4-A30D-55B14078A0A1}.Debug|Any CPU.ActiveCfg = Debug|Any CPU
		{C0718D40-6D24-49F4-A30D-55B14078A0A1}.Debug|Any CPU.Build.0 = Debug|Any CPU
		{C0718D40-6D24-49F4-A30D-55B14078A0A1}.Debug|x64.ActiveCfg = Debug|Any CPU
		{C0718D40-6D24-49F4-A30D-55B14078A0A1}.Debug|x64.Build.0 = Debug|Any CPU
		{C0718D40-6D24-49F4-A30D-55B14078A0A1}.Debug|x86.ActiveCfg = Debug|Any CPU
		{C0718D40-6D24-49F4-A30D-55B14078A0A1}.Debug|x86.Build.0 = Debug|Any CPU
		{C0718D40-6D24-49F4-A30D-55B14078A0A1}.Release|Any CPU.ActiveCfg = Release|Any CPU
		{C0718D40-6D24-49F4-A30D-55B14078A0A1}.Release|Any CPU.Build.0 = Release|Any CPU
		{C0718D40-6D24-49F4-A30D-55B14078A0A1}.Release|x64.ActiveCfg = Release|Any CPU
		{C0718D40-6D24-49F4-A30D-55B14078A0A1}.Release|x64.Build.0 = Release|Any CPU
		{C0718D40-6D24-49F4-A30D-55B14078A0A1}.Release|x86.ActiveCfg = Release|Any CPU
		{C0718D40-6D24-49F4-A30D-55B14078A0A1}.Release|x86.Build.0 = Release|Any CPU
		{5F095A1B-B21B-4208-A87E-D72C3D3DBFFC}.Debug|Any CPU.ActiveCfg = Debug|Any CPU
		{5F095A1B-B21B-4208-A87E-D72C3D3DBFFC}.Debug|Any CPU.Build.0 = Debug|Any CPU
		{5F095A1B-B21B-4208-A87E-D72C3D3DBFFC}.Debug|x64.ActiveCfg = Debug|Any CPU
		{5F095A1B-B21B-4208-A87E-D72C3D3DBFFC}.Debug|x64.Build.0 = Debug|Any CPU
		{5F095A1B-B21B-4208-A87E-D72C3D3DBFFC}.Debug|x86.ActiveCfg = Debug|Any CPU
		{5F095A1B-B21B-4208-A87E-D72C3D3DBFFC}.Debug|x86.Build.0 = Debug|Any CPU
		{5F095A1B-B21B-4208-A87E-D72C3D3DBFFC}.Release|Any CPU.ActiveCfg = Release|Any CPU
		{5F095A1B-B21B-4208-A87E-D72C3D3DBFFC}.Release|Any CPU.Build.0 = Release|Any CPU
		{5F095A1B-B21B-4208-A87E-D72C3D3DBFFC}.Release|x64.ActiveCfg = Release|Any CPU
		{5F095A1B-B21B-4208-A87E-D72C3D3DBFFC}.Release|x64.Build.0 = Release|Any CPU
		{5F095A1B-B21B-4208-A87E-D72C3D3DBFFC}.Release|x86.ActiveCfg = Release|Any CPU
		{5F095A1B-B21B-4208-A87E-D72C3D3DBFFC}.Release|x86.Build.0 = Release|Any CPU
		{F4186339-6985-4767-83F6-371177697B5A}.Debug|Any CPU.ActiveCfg = Debug|Any CPU
		{F4186339-6985-4767-83F6-371177697B5A}.Debug|Any CPU.Build.0 = Debug|Any CPU
		{F4186339-6985-4767-83F6-371177697B5A}.Debug|x64.ActiveCfg = Debug|Any CPU
		{F4186339-6985-4767-83F6-371177697B5A}.Debug|x64.Build.0 = Debug|Any CPU
		{F4186339-6985-4767-83F6-371177697B5A}.Debug|x86.ActiveCfg = Debug|Any CPU
		{F4186339-6985-4767-83F6-371177697B5A}.Debug|x86.Build.0 = Debug|Any CPU
		{F4186339-6985-4767-83F6-371177697B5A}.Release|Any CPU.ActiveCfg = Release|Any CPU
		{F4186339-6985-4767-83F6-371177697B5A}.Release|Any CPU.Build.0 = Release|Any CPU
		{F4186339-6985-4767-83F6-371177697B5A}.Release|x64.ActiveCfg = Release|Any CPU
		{F4186339-6985-4767-83F6-371177697B5A}.Release|x64.Build.0 = Release|Any CPU
		{F4186339-6985-4767-83F6-371177697B5A}.Release|x86.ActiveCfg = Release|Any CPU
		{F4186339-6985-4767-83F6-371177697B5A}.Release|x86.Build.0 = Release|Any CPU
		{E1E5CE5B-9A89-474F-850E-EAAB09230E5F}.Debug|Any CPU.ActiveCfg = Debug|Any CPU
		{E1E5CE5B-9A89-474F-850E-EAAB09230E5F}.Debug|Any CPU.Build.0 = Debug|Any CPU
		{E1E5CE5B-9A89-474F-850E-EAAB09230E5F}.Debug|x64.ActiveCfg = Debug|Any CPU
		{E1E5CE5B-9A89-474F-850E-EAAB09230E5F}.Debug|x64.Build.0 = Debug|Any CPU
		{E1E5CE5B-9A89-474F-850E-EAAB09230E5F}.Debug|x86.ActiveCfg = Debug|Any CPU
		{E1E5CE5B-9A89-474F-850E-EAAB09230E5F}.Debug|x86.Build.0 = Debug|Any CPU
		{E1E5CE5B-9A89-474F-850E-EAAB09230E5F}.Release|Any CPU.ActiveCfg = Release|Any CPU
		{E1E5CE5B-9A89-474F-850E-EAAB09230E5F}.Release|Any CPU.Build.0 = Release|Any CPU
		{E1E5CE5B-9A89-474F-850E-EAAB09230E5F}.Release|x64.ActiveCfg = Release|Any CPU
		{E1E5CE5B-9A89-474F-850E-EAAB09230E5F}.Release|x64.Build.0 = Release|Any CPU
		{E1E5CE5B-9A89-474F-850E-EAAB09230E5F}.Release|x86.ActiveCfg = Release|Any CPU
		{E1E5CE5B-9A89-474F-850E-EAAB09230E5F}.Release|x86.Build.0 = Release|Any CPU
		{288E57B9-4D50-42D9-89C7-51A730B0C46A}.Debug|Any CPU.ActiveCfg = Debug|Any CPU
		{288E57B9-4D50-42D9-89C7-51A730B0C46A}.Debug|Any CPU.Build.0 = Debug|Any CPU
		{288E57B9-4D50-42D9-89C7-51A730B0C46A}.Debug|x64.ActiveCfg = Debug|Any CPU
		{288E57B9-4D50-42D9-89C7-51A730B0C46A}.Debug|x64.Build.0 = Debug|Any CPU
		{288E57B9-4D50-42D9-89C7-51A730B0C46A}.Debug|x86.ActiveCfg = Debug|Any CPU
		{288E57B9-4D50-42D9-89C7-51A730B0C46A}.Debug|x86.Build.0 = Debug|Any CPU
		{288E57B9-4D50-42D9-89C7-51A730B0C46A}.Release|Any CPU.ActiveCfg = Release|Any CPU
		{288E57B9-4D50-42D9-89C7-51A730B0C46A}.Release|Any CPU.Build.0 = Release|Any CPU
		{288E57B9-4D50-42D9-89C7-51A730B0C46A}.Release|x64.ActiveCfg = Release|Any CPU
		{288E57B9-4D50-42D9-89C7-51A730B0C46A}.Release|x64.Build.0 = Release|Any CPU
		{288E57B9-4D50-42D9-89C7-51A730B0C46A}.Release|x86.ActiveCfg = Release|Any CPU
		{288E57B9-4D50-42D9-89C7-51A730B0C46A}.Release|x86.Build.0 = Release|Any CPU
		{39CA04AC-C886-4B46-9540-99451931E8D1}.Debug|Any CPU.ActiveCfg = Debug|Any CPU
		{39CA04AC-C886-4B46-9540-99451931E8D1}.Debug|Any CPU.Build.0 = Debug|Any CPU
		{39CA04AC-C886-4B46-9540-99451931E8D1}.Debug|x64.ActiveCfg = Debug|Any CPU
		{39CA04AC-C886-4B46-9540-99451931E8D1}.Debug|x64.Build.0 = Debug|Any CPU
		{39CA04AC-C886-4B46-9540-99451931E8D1}.Debug|x86.ActiveCfg = Debug|Any CPU
		{39CA04AC-C886-4B46-9540-99451931E8D1}.Debug|x86.Build.0 = Debug|Any CPU
		{39CA04AC-C886-4B46-9540-99451931E8D1}.Release|Any CPU.ActiveCfg = Release|x64
		{39CA04AC-C886-4B46-9540-99451931E8D1}.Release|Any CPU.Build.0 = Release|x64
		{39CA04AC-C886-4B46-9540-99451931E8D1}.Release|x64.ActiveCfg = Release|x64
		{39CA04AC-C886-4B46-9540-99451931E8D1}.Release|x64.Build.0 = Release|x64
		{39CA04AC-C886-4B46-9540-99451931E8D1}.Release|x86.ActiveCfg = Release|x86
		{39CA04AC-C886-4B46-9540-99451931E8D1}.Release|x86.Build.0 = Release|x86
		{2FC033F8-043D-4175-BA13-B49A4DCD19B4}.Debug|Any CPU.ActiveCfg = Debug|Any CPU
		{2FC033F8-043D-4175-BA13-B49A4DCD19B4}.Debug|Any CPU.Build.0 = Debug|Any CPU
		{2FC033F8-043D-4175-BA13-B49A4DCD19B4}.Debug|x64.ActiveCfg = Debug|Any CPU
		{2FC033F8-043D-4175-BA13-B49A4DCD19B4}.Debug|x64.Build.0 = Debug|Any CPU
		{2FC033F8-043D-4175-BA13-B49A4DCD19B4}.Debug|x86.ActiveCfg = Debug|Any CPU
		{2FC033F8-043D-4175-BA13-B49A4DCD19B4}.Debug|x86.Build.0 = Debug|Any CPU
		{2FC033F8-043D-4175-BA13-B49A4DCD19B4}.Release|Any CPU.ActiveCfg = Release|Any CPU
		{2FC033F8-043D-4175-BA13-B49A4DCD19B4}.Release|Any CPU.Build.0 = Release|Any CPU
		{2FC033F8-043D-4175-BA13-B49A4DCD19B4}.Release|x64.ActiveCfg = Release|Any CPU
		{2FC033F8-043D-4175-BA13-B49A4DCD19B4}.Release|x64.Build.0 = Release|Any CPU
		{2FC033F8-043D-4175-BA13-B49A4DCD19B4}.Release|x86.ActiveCfg = Release|Any CPU
		{2FC033F8-043D-4175-BA13-B49A4DCD19B4}.Release|x86.Build.0 = Release|Any CPU
		{D56EF0D4-DE4A-43E7-8888-972CF9D278C6}.Debug|Any CPU.ActiveCfg = Debug|Any CPU
		{D56EF0D4-DE4A-43E7-8888-972CF9D278C6}.Debug|Any CPU.Build.0 = Debug|Any CPU
		{D56EF0D4-DE4A-43E7-8888-972CF9D278C6}.Debug|x64.ActiveCfg = Debug|Any CPU
		{D56EF0D4-DE4A-43E7-8888-972CF9D278C6}.Debug|x64.Build.0 = Debug|Any CPU
		{D56EF0D4-DE4A-43E7-8888-972CF9D278C6}.Debug|x86.ActiveCfg = Debug|Any CPU
		{D56EF0D4-DE4A-43E7-8888-972CF9D278C6}.Debug|x86.Build.0 = Debug|Any CPU
		{D56EF0D4-DE4A-43E7-8888-972CF9D278C6}.Release|Any CPU.ActiveCfg = Release|Any CPU
		{D56EF0D4-DE4A-43E7-8888-972CF9D278C6}.Release|Any CPU.Build.0 = Release|Any CPU
		{D56EF0D4-DE4A-43E7-8888-972CF9D278C6}.Release|x64.ActiveCfg = Release|Any CPU
		{D56EF0D4-DE4A-43E7-8888-972CF9D278C6}.Release|x64.Build.0 = Release|Any CPU
		{D56EF0D4-DE4A-43E7-8888-972CF9D278C6}.Release|x86.ActiveCfg = Release|Any CPU
		{D56EF0D4-DE4A-43E7-8888-972CF9D278C6}.Release|x86.Build.0 = Release|Any CPU
		{81FDE95E-2E17-4B16-8CD7-8104BAEC39FC}.Debug|Any CPU.ActiveCfg = Debug|Any CPU
		{81FDE95E-2E17-4B16-8CD7-8104BAEC39FC}.Debug|Any CPU.Build.0 = Debug|Any CPU
		{81FDE95E-2E17-4B16-8CD7-8104BAEC39FC}.Debug|x64.ActiveCfg = Debug|Any CPU
		{81FDE95E-2E17-4B16-8CD7-8104BAEC39FC}.Debug|x64.Build.0 = Debug|Any CPU
		{81FDE95E-2E17-4B16-8CD7-8104BAEC39FC}.Debug|x86.ActiveCfg = Debug|Any CPU
		{81FDE95E-2E17-4B16-8CD7-8104BAEC39FC}.Debug|x86.Build.0 = Debug|Any CPU
		{81FDE95E-2E17-4B16-8CD7-8104BAEC39FC}.Release|Any CPU.ActiveCfg = Release|Any CPU
		{81FDE95E-2E17-4B16-8CD7-8104BAEC39FC}.Release|Any CPU.Build.0 = Release|Any CPU
		{81FDE95E-2E17-4B16-8CD7-8104BAEC39FC}.Release|x64.ActiveCfg = Release|Any CPU
		{81FDE95E-2E17-4B16-8CD7-8104BAEC39FC}.Release|x64.Build.0 = Release|Any CPU
		{81FDE95E-2E17-4B16-8CD7-8104BAEC39FC}.Release|x86.ActiveCfg = Release|Any CPU
		{81FDE95E-2E17-4B16-8CD7-8104BAEC39FC}.Release|x86.Build.0 = Release|Any CPU
		{089C1412-5CCA-4E35-A3A9-13BB34071E8C}.Debug|Any CPU.ActiveCfg = Debug|Any CPU
		{089C1412-5CCA-4E35-A3A9-13BB34071E8C}.Debug|Any CPU.Build.0 = Debug|Any CPU
		{089C1412-5CCA-4E35-A3A9-13BB34071E8C}.Debug|x64.ActiveCfg = Debug|Any CPU
		{089C1412-5CCA-4E35-A3A9-13BB34071E8C}.Debug|x64.Build.0 = Debug|Any CPU
		{089C1412-5CCA-4E35-A3A9-13BB34071E8C}.Debug|x86.ActiveCfg = Debug|Any CPU
		{089C1412-5CCA-4E35-A3A9-13BB34071E8C}.Debug|x86.Build.0 = Debug|Any CPU
		{089C1412-5CCA-4E35-A3A9-13BB34071E8C}.Release|Any CPU.ActiveCfg = Release|Any CPU
		{089C1412-5CCA-4E35-A3A9-13BB34071E8C}.Release|Any CPU.Build.0 = Release|Any CPU
		{089C1412-5CCA-4E35-A3A9-13BB34071E8C}.Release|x64.ActiveCfg = Release|Any CPU
		{089C1412-5CCA-4E35-A3A9-13BB34071E8C}.Release|x64.Build.0 = Release|Any CPU
		{089C1412-5CCA-4E35-A3A9-13BB34071E8C}.Release|x86.ActiveCfg = Release|Any CPU
		{089C1412-5CCA-4E35-A3A9-13BB34071E8C}.Release|x86.Build.0 = Release|Any CPU
		{1C942FA4-F392-49C5-B329-6AF432FCCC59}.Debug|Any CPU.ActiveCfg = Debug|Any CPU
		{1C942FA4-F392-49C5-B329-6AF432FCCC59}.Debug|Any CPU.Build.0 = Debug|Any CPU
		{1C942FA4-F392-49C5-B329-6AF432FCCC59}.Debug|x64.ActiveCfg = Debug|Any CPU
		{1C942FA4-F392-49C5-B329-6AF432FCCC59}.Debug|x64.Build.0 = Debug|Any CPU
		{1C942FA4-F392-49C5-B329-6AF432FCCC59}.Debug|x86.ActiveCfg = Debug|Any CPU
		{1C942FA4-F392-49C5-B329-6AF432FCCC59}.Debug|x86.Build.0 = Debug|Any CPU
		{1C942FA4-F392-49C5-B329-6AF432FCCC59}.Release|Any CPU.ActiveCfg = Release|Any CPU
		{1C942FA4-F392-49C5-B329-6AF432FCCC59}.Release|Any CPU.Build.0 = Release|Any CPU
		{1C942FA4-F392-49C5-B329-6AF432FCCC59}.Release|x64.ActiveCfg = Release|Any CPU
		{1C942FA4-F392-49C5-B329-6AF432FCCC59}.Release|x64.Build.0 = Release|Any CPU
		{1C942FA4-F392-49C5-B329-6AF432FCCC59}.Release|x86.ActiveCfg = Release|Any CPU
		{1C942FA4-F392-49C5-B329-6AF432FCCC59}.Release|x86.Build.0 = Release|Any CPU
		{DE4EC779-18FF-44DB-94AE-1A38CD497EC5}.Debug|Any CPU.ActiveCfg = Debug|Any CPU
		{DE4EC779-18FF-44DB-94AE-1A38CD497EC5}.Debug|Any CPU.Build.0 = Debug|Any CPU
		{DE4EC779-18FF-44DB-94AE-1A38CD497EC5}.Debug|x64.ActiveCfg = Debug|Any CPU
		{DE4EC779-18FF-44DB-94AE-1A38CD497EC5}.Debug|x64.Build.0 = Debug|Any CPU
		{DE4EC779-18FF-44DB-94AE-1A38CD497EC5}.Debug|x86.ActiveCfg = Debug|Any CPU
		{DE4EC779-18FF-44DB-94AE-1A38CD497EC5}.Debug|x86.Build.0 = Debug|Any CPU
		{DE4EC779-18FF-44DB-94AE-1A38CD497EC5}.Release|Any CPU.ActiveCfg = Release|Any CPU
		{DE4EC779-18FF-44DB-94AE-1A38CD497EC5}.Release|Any CPU.Build.0 = Release|Any CPU
		{DE4EC779-18FF-44DB-94AE-1A38CD497EC5}.Release|x64.ActiveCfg = Release|Any CPU
		{DE4EC779-18FF-44DB-94AE-1A38CD497EC5}.Release|x64.Build.0 = Release|Any CPU
		{DE4EC779-18FF-44DB-94AE-1A38CD497EC5}.Release|x86.ActiveCfg = Release|Any CPU
		{DE4EC779-18FF-44DB-94AE-1A38CD497EC5}.Release|x86.Build.0 = Release|Any CPU
		{4A26CA2D-CA84-475A-906A-FDDADFEA2705}.Debug|Any CPU.ActiveCfg = Debug|Any CPU
		{4A26CA2D-CA84-475A-906A-FDDADFEA2705}.Debug|Any CPU.Build.0 = Debug|Any CPU
		{4A26CA2D-CA84-475A-906A-FDDADFEA2705}.Debug|x64.ActiveCfg = Debug|Any CPU
		{4A26CA2D-CA84-475A-906A-FDDADFEA2705}.Debug|x64.Build.0 = Debug|Any CPU
		{4A26CA2D-CA84-475A-906A-FDDADFEA2705}.Debug|x86.ActiveCfg = Debug|Any CPU
		{4A26CA2D-CA84-475A-906A-FDDADFEA2705}.Debug|x86.Build.0 = Debug|Any CPU
		{4A26CA2D-CA84-475A-906A-FDDADFEA2705}.Release|Any CPU.ActiveCfg = Release|Any CPU
		{4A26CA2D-CA84-475A-906A-FDDADFEA2705}.Release|Any CPU.Build.0 = Release|Any CPU
		{4A26CA2D-CA84-475A-906A-FDDADFEA2705}.Release|x64.ActiveCfg = Release|Any CPU
		{4A26CA2D-CA84-475A-906A-FDDADFEA2705}.Release|x64.Build.0 = Release|Any CPU
		{4A26CA2D-CA84-475A-906A-FDDADFEA2705}.Release|x86.ActiveCfg = Release|Any CPU
		{4A26CA2D-CA84-475A-906A-FDDADFEA2705}.Release|x86.Build.0 = Release|Any CPU
		{5AB1E50C-65BE-4849-85A1-419A5759CF3B}.Debug|Any CPU.ActiveCfg = Debug|Any CPU
		{5AB1E50C-65BE-4849-85A1-419A5759CF3B}.Debug|Any CPU.Build.0 = Debug|Any CPU
		{5AB1E50C-65BE-4849-85A1-419A5759CF3B}.Debug|x64.ActiveCfg = Debug|Any CPU
		{5AB1E50C-65BE-4849-85A1-419A5759CF3B}.Debug|x64.Build.0 = Debug|Any CPU
		{5AB1E50C-65BE-4849-85A1-419A5759CF3B}.Debug|x86.ActiveCfg = Debug|Any CPU
		{5AB1E50C-65BE-4849-85A1-419A5759CF3B}.Debug|x86.Build.0 = Debug|Any CPU
		{5AB1E50C-65BE-4849-85A1-419A5759CF3B}.Release|Any CPU.ActiveCfg = Release|Any CPU
		{5AB1E50C-65BE-4849-85A1-419A5759CF3B}.Release|Any CPU.Build.0 = Release|Any CPU
		{5AB1E50C-65BE-4849-85A1-419A5759CF3B}.Release|x64.ActiveCfg = Release|Any CPU
		{5AB1E50C-65BE-4849-85A1-419A5759CF3B}.Release|x64.Build.0 = Release|Any CPU
		{5AB1E50C-65BE-4849-85A1-419A5759CF3B}.Release|x86.ActiveCfg = Release|Any CPU
		{5AB1E50C-65BE-4849-85A1-419A5759CF3B}.Release|x86.Build.0 = Release|Any CPU
		{9DB5915B-9D2F-4AF0-871E-B5840023DF3A}.Debug|Any CPU.ActiveCfg = Debug|Any CPU
		{9DB5915B-9D2F-4AF0-871E-B5840023DF3A}.Debug|Any CPU.Build.0 = Debug|Any CPU
		{9DB5915B-9D2F-4AF0-871E-B5840023DF3A}.Debug|x64.ActiveCfg = Debug|Any CPU
		{9DB5915B-9D2F-4AF0-871E-B5840023DF3A}.Debug|x64.Build.0 = Debug|Any CPU
		{9DB5915B-9D2F-4AF0-871E-B5840023DF3A}.Debug|x86.ActiveCfg = Debug|Any CPU
		{9DB5915B-9D2F-4AF0-871E-B5840023DF3A}.Debug|x86.Build.0 = Debug|Any CPU
		{9DB5915B-9D2F-4AF0-871E-B5840023DF3A}.Release|Any CPU.ActiveCfg = Release|Any CPU
		{9DB5915B-9D2F-4AF0-871E-B5840023DF3A}.Release|Any CPU.Build.0 = Release|Any CPU
		{9DB5915B-9D2F-4AF0-871E-B5840023DF3A}.Release|x64.ActiveCfg = Release|Any CPU
		{9DB5915B-9D2F-4AF0-871E-B5840023DF3A}.Release|x64.Build.0 = Release|Any CPU
		{9DB5915B-9D2F-4AF0-871E-B5840023DF3A}.Release|x86.ActiveCfg = Release|Any CPU
		{9DB5915B-9D2F-4AF0-871E-B5840023DF3A}.Release|x86.Build.0 = Release|Any CPU
		{591B9798-2103-4E20-9B65-34AA72B6BC65}.Debug|Any CPU.ActiveCfg = Debug|Any CPU
		{591B9798-2103-4E20-9B65-34AA72B6BC65}.Debug|Any CPU.Build.0 = Debug|Any CPU
		{591B9798-2103-4E20-9B65-34AA72B6BC65}.Debug|x64.ActiveCfg = Debug|Any CPU
		{591B9798-2103-4E20-9B65-34AA72B6BC65}.Debug|x64.Build.0 = Debug|Any CPU
		{591B9798-2103-4E20-9B65-34AA72B6BC65}.Debug|x86.ActiveCfg = Debug|Any CPU
		{591B9798-2103-4E20-9B65-34AA72B6BC65}.Debug|x86.Build.0 = Debug|Any CPU
		{591B9798-2103-4E20-9B65-34AA72B6BC65}.Release|Any CPU.ActiveCfg = Release|Any CPU
		{591B9798-2103-4E20-9B65-34AA72B6BC65}.Release|Any CPU.Build.0 = Release|Any CPU
		{591B9798-2103-4E20-9B65-34AA72B6BC65}.Release|x64.ActiveCfg = Release|Any CPU
		{591B9798-2103-4E20-9B65-34AA72B6BC65}.Release|x64.Build.0 = Release|Any CPU
		{591B9798-2103-4E20-9B65-34AA72B6BC65}.Release|x86.ActiveCfg = Release|Any CPU
		{591B9798-2103-4E20-9B65-34AA72B6BC65}.Release|x86.Build.0 = Release|Any CPU
		{4398587E-0B7B-4302-8344-EA41AFABA43A}.Debug|Any CPU.ActiveCfg = Debug|Any CPU
		{4398587E-0B7B-4302-8344-EA41AFABA43A}.Debug|Any CPU.Build.0 = Debug|Any CPU
		{4398587E-0B7B-4302-8344-EA41AFABA43A}.Debug|x64.ActiveCfg = Debug|Any CPU
		{4398587E-0B7B-4302-8344-EA41AFABA43A}.Debug|x64.Build.0 = Debug|Any CPU
		{4398587E-0B7B-4302-8344-EA41AFABA43A}.Debug|x86.ActiveCfg = Debug|Any CPU
		{4398587E-0B7B-4302-8344-EA41AFABA43A}.Debug|x86.Build.0 = Debug|Any CPU
		{4398587E-0B7B-4302-8344-EA41AFABA43A}.Release|Any CPU.ActiveCfg = Release|Any CPU
		{4398587E-0B7B-4302-8344-EA41AFABA43A}.Release|Any CPU.Build.0 = Release|Any CPU
		{4398587E-0B7B-4302-8344-EA41AFABA43A}.Release|x64.ActiveCfg = Release|Any CPU
		{4398587E-0B7B-4302-8344-EA41AFABA43A}.Release|x64.Build.0 = Release|Any CPU
		{4398587E-0B7B-4302-8344-EA41AFABA43A}.Release|x86.ActiveCfg = Release|Any CPU
		{4398587E-0B7B-4302-8344-EA41AFABA43A}.Release|x86.Build.0 = Release|Any CPU
		{77676319-66D9-4EAC-AD6E-CE05BBC49CCC}.Debug|Any CPU.ActiveCfg = Debug|Any CPU
		{77676319-66D9-4EAC-AD6E-CE05BBC49CCC}.Debug|Any CPU.Build.0 = Debug|Any CPU
		{77676319-66D9-4EAC-AD6E-CE05BBC49CCC}.Debug|x64.ActiveCfg = Debug|Any CPU
		{77676319-66D9-4EAC-AD6E-CE05BBC49CCC}.Debug|x64.Build.0 = Debug|Any CPU
		{77676319-66D9-4EAC-AD6E-CE05BBC49CCC}.Debug|x86.ActiveCfg = Debug|Any CPU
		{77676319-66D9-4EAC-AD6E-CE05BBC49CCC}.Debug|x86.Build.0 = Debug|Any CPU
		{77676319-66D9-4EAC-AD6E-CE05BBC49CCC}.Release|Any CPU.ActiveCfg = Release|Any CPU
		{77676319-66D9-4EAC-AD6E-CE05BBC49CCC}.Release|Any CPU.Build.0 = Release|Any CPU
		{77676319-66D9-4EAC-AD6E-CE05BBC49CCC}.Release|x64.ActiveCfg = Release|Any CPU
		{77676319-66D9-4EAC-AD6E-CE05BBC49CCC}.Release|x64.Build.0 = Release|Any CPU
		{77676319-66D9-4EAC-AD6E-CE05BBC49CCC}.Release|x86.ActiveCfg = Release|Any CPU
		{77676319-66D9-4EAC-AD6E-CE05BBC49CCC}.Release|x86.Build.0 = Release|Any CPU
	EndGlobalSection
	GlobalSection(SolutionProperties) = preSolution
		HideSolutionNode = FALSE
	EndGlobalSection
	GlobalSection(NestedProjects) = preSolution
		{48B6183A-CF51-42A4-889E-A75DA704D71D} = {98E57180-48B9-4648-AE42-7C7C67120471}
		{8D0572E4-4867-4AB4-B0C3-AE0BDDD3FEC6} = {98E57180-48B9-4648-AE42-7C7C67120471}
		{E794C24F-B285-4BBD-9388-35382AB1A1B4} = {AEE48E38-BDEF-46C4-BD09-ED5079DB4D2E}
		{2FE7D88B-9241-44B0-BC25-FE293EADCF59} = {EB948400-DD24-4154-B73D-D4295D3FDEE8}
		{C74782A2-6011-4A13-AC8E-85CCAB05F1C0} = {EB948400-DD24-4154-B73D-D4295D3FDEE8}
		{7F57B864-05CB-4488-A798-0FC08D9F62B2} = {7E95704D-43F3-4187-97B6-8FA621F8230E}
		{7E2E1FEE-0A02-4FB6-8C3B-9C4080D3758A} = {924DED9E-2ABC-484D-B32B-2ED2134CE605}
		{67444A5C-48C3-4004-8BC5-3947BF323921} = {924DED9E-2ABC-484D-B32B-2ED2134CE605}
		{0077C934-E53D-4881-83B6-011D2F080FB9} = {CABF7879-B01D-4612-BD24-64D33650F137}
		{4B38BE06-C129-4406-AAA8-8185249F32C3} = {03F66C13-3F83-44C1-8968-CF7589D48D59}
		{A5EB1658-A4ED-4AD0-BAEB-917A74D9D180} = {7E57743A-6B22-4706-80F6-A0A0B6D0F64A}
		{3071C4CC-A1CE-4211-9612-C366AA0CCE3D} = {7E57743A-6B22-4706-80F6-A0A0B6D0F64A}
		{B4CB58D2-BDC9-4A3D-AD52-1E5C5FE565FF} = {6256208A-B872-4603-91AA-C79FB8F16EBB}
		{C0718D40-6D24-49F4-A30D-55B14078A0A1} = {5440ADEB-9326-4147-89FE-C87F5CE6B013}
		{5F095A1B-B21B-4208-A87E-D72C3D3DBFFC} = {CABF7879-B01D-4612-BD24-64D33650F137}
		{F4186339-6985-4767-83F6-371177697B5A} = {6256208A-B872-4603-91AA-C79FB8F16EBB}
		{E1E5CE5B-9A89-474F-850E-EAAB09230E5F} = {AEE48E38-BDEF-46C4-BD09-ED5079DB4D2E}
		{288E57B9-4D50-42D9-89C7-51A730B0C46A} = {7E95704D-43F3-4187-97B6-8FA621F8230E}
		{39CA04AC-C886-4B46-9540-99451931E8D1} = {F00A8105-3678-4D79-841E-7F75D3DD7635}
		{81FDE95E-2E17-4B16-8CD7-8104BAEC39FC} = {16E172B0-48E0-4F15-80E0-36A69EAE5876}
		{1C942FA4-F392-49C5-B329-6AF432FCCC59} = {F00A8105-3678-4D79-841E-7F75D3DD7635}
		{DE4EC779-18FF-44DB-94AE-1A38CD497EC5} = {5440ADEB-9326-4147-89FE-C87F5CE6B013}
		{4A26CA2D-CA84-475A-906A-FDDADFEA2705} = {16E172B0-48E0-4F15-80E0-36A69EAE5876}
		{5AB1E50C-65BE-4849-85A1-419A5759CF3B} = {03F66C13-3F83-44C1-8968-CF7589D48D59}
		{9DB5915B-9D2F-4AF0-871E-B5840023DF3A} = {CC75CADD-6DD6-40E9-BC1B-730B62A62C3F}
		{591B9798-2103-4E20-9B65-34AA72B6BC65} = {CC75CADD-6DD6-40E9-BC1B-730B62A62C3F}
		{4398587E-0B7B-4302-8344-EA41AFABA43A} = {CC75CADD-6DD6-40E9-BC1B-730B62A62C3F}
		{77676319-66D9-4EAC-AD6E-CE05BBC49CCC} = {CC75CADD-6DD6-40E9-BC1B-730B62A62C3F}
	EndGlobalSection
	GlobalSection(ExtensibilityGlobals) = postSolution
		SolutionGuid = {4CFECBD7-FE88-4CC9-8E1B-6F7805F4F45A}
	EndGlobalSection
EndGlobal
